# This file is autogenerated, do not edit; changes may be undone by the next 'dep ensure'.


[[projects]]
  digest = "1:d6afaeed1502aa28e80a4ed0981d570ad91b2579193404256ce672ed0a609e0d"
  name = "github.com/beorn7/perks"
  packages = ["quantile"]
  pruneopts = "UT"
  revision = "37c8de3658fcb183f997c4e13e8337516ab753e6"
  version = "v1.0.1"

[[projects]]
  digest = "1:fed1f537c2f1269fe475a8556c393fe466641682d73ef8fd0491cd3aa1e47bad"
  name = "github.com/certifi/gocertifi"
  packages = ["."]
  pruneopts = "UT"
  revision = "deb3ae2ef2610fde3330947281941c562861188b"
  version = "2018.01.18"

[[projects]]
  digest = "1:53cbf1b46de4361416179ade70a96517fe6263301e65a7afa6afde8d92bab4c6"
  name = "github.com/coreos/etcd"
  packages = [
    "client",
    "pkg/pathutil",
    "pkg/srv",
    "pkg/types",
    "version",
  ]
  pruneopts = "UT"
  revision = "98d308426819d892e149fe45f6fd542464cb1f9d"
  version = "v3.3.13"

[[projects]]
  digest = "1:05ffeeed3f0f05520de0679f6aa3219ffee69cfd6d9fb6c194879d4c818ad670"
  name = "github.com/coreos/go-semver"
  packages = ["semver"]
  pruneopts = "UT"
  revision = "e214231b295a8ea9479f11b70b35d5acf3556d9b"
  version = "v0.3.0"

[[projects]]
  digest = "1:d18f6f088d7d8365df47f49dfa24b6ff6701a941118ffda30c589d1bd954074b"
  name = "github.com/getsentry/raven-go"
  packages = ["."]
  pruneopts = "UT"
  revision = "f04e7487e9a6b9d9837d52743fb5f40576c56411"
  version = "v0.2.0"

[[projects]]
  digest = "1:573ca21d3669500ff845bdebee890eb7fc7f0f50c59f2132f2a0c6b03d85086a"
  name = "github.com/golang/protobuf"
  packages = ["proto"]
  pruneopts = "UT"
  revision = "6c65a5562fc06764971b7c5d05c76c75e84bdbf7"
  version = "v1.3.2"

[[projects]]
  digest = "1:cbec35fe4d5a4fba369a656a8cd65e244ea2c743007d8f6c1ccb132acf9d1296"
  name = "github.com/gorilla/mux"
  packages = ["."]
  pruneopts = "UT"
  revision = "00bdffe0f3c77e27d2cf6f5c70232a2d3e4d9c15"
  version = "v1.7.3"

[[projects]]
  digest = "1:ecd9aa82687cf31d1585d4ac61d0ba180e42e8a6182b85bd785fcca8dfeefc1b"
  name = "github.com/joho/godotenv"
  packages = ["."]
  pruneopts = "UT"
  revision = "23d116af351c84513e1946b527c88823e476be13"
  version = "v1.3.0"

[[projects]]
  digest = "1:709cd2a2c29cc9b89732f6c24846bbb9d6270f28ef5ef2128cc73bd0d6d7bff9"
  name = "github.com/json-iterator/go"
  packages = ["."]
  pruneopts = "UT"
  revision = "27518f6661eba504be5a7a9a9f6d9460d892ade3"
  version = "v1.1.7"

[[projects]]
  digest = "1:fd9bea48bbc5bba66d9891c72af7255fbebecdff845c37c679406174ece5ca1b"
  name = "github.com/kelseyhightower/envconfig"
  packages = ["."]
  pruneopts = "UT"
  revision = "0b417c4ec4a8a82eecc22a1459a504aa55163d61"
  version = "v1.4.0"

[[projects]]
  digest = "1:ba852707958e39694e7f64328008287892adf9b1aed0174480e2f50e0c23e521"
  name = "github.com/logrusorgru/aurora"
  packages = ["."]
  pruneopts = "UT"
  revision = "21d75270181e0436fee7bd58b991c212cf309068"
  version = "v2.0"

[[projects]]
  digest = "1:79e87abf06b873987dee86598950f5b51732ac454d5a5cab6445a14330e6c9e3"
  name = "github.com/mattn/go-sqlite3"
  packages = ["."]
  pruneopts = "UT"
  revision = "b612a2feea6aa87c6d052d9086572551df06497e"
  version = "v1.11.0"

[[projects]]
  digest = "1:ff5ebae34cfbf047d505ee150de27e60570e8c394b3b8fdbb720ff6ac71985fc"
  name = "github.com/matttproud/golang_protobuf_extensions"
  packages = ["pbutil"]
  pruneopts = "UT"
  revision = "c12348ce28de40eed0136aa2b644d0ee0650e56c"
  version = "v1.0.1"

[[projects]]
  digest = "1:33422d238f147d247752996a26574ac48dcf472976eda7f5134015f06bf16563"
  name = "github.com/modern-go/concurrent"
  packages = ["."]
  pruneopts = "UT"
  revision = "bacd9c7ef1dd9b15be4a9909b8ac7a4e313eec94"
  version = "1.0.3"

[[projects]]
  digest = "1:e32bdbdb7c377a07a9a46378290059822efdce5c8d96fe71940d87cb4f918855"
  name = "github.com/modern-go/reflect2"
  packages = ["."]
  pruneopts = "UT"
  revision = "4b7aa43c6742a2c18fdef89dd197aaae7dac7ccd"
  version = "1.0.1"

[[projects]]
  branch = "master"
  digest = "1:bce8a8c7289c6c5e23423799b905c3e8f2d532117c3778a45592bdc095cf5c83"
  name = "github.com/opentracing-contrib/go-stdlib"
  packages = ["nethttp"]
  pruneopts = "UT"
  revision = "cf7a6c988dc994e945d2715565026f3cc8718689"

[[projects]]
  digest = "1:11e62d6050198055e6cd87ed57e5d8c669e84f839c16e16f192374d913d1a70d"
  name = "github.com/opentracing/opentracing-go"
  packages = [
    ".",
    "ext",
    "log",
  ]
  pruneopts = "UT"
  revision = "659c90643e714681897ec2521c60567dd21da733"
  version = "v1.1.0"

[[projects]]
  digest = "1:cf31692c14422fa27c83a05292eb5cbe0fb2775972e8f1f8446a71549bd8980b"
  name = "github.com/pkg/errors"
  packages = ["."]
  pruneopts = "UT"
  revision = "ba968bfe8b2f7e042a574c888954fccecfa385b4"
  version = "v0.8.1"

[[projects]]
  digest = "1:eb04f69c8991e52eff33c428bd729e04208bf03235be88e4df0d88497c6861b9"
  name = "github.com/prometheus/client_golang"
  packages = [
    "prometheus",
    "prometheus/internal",
    "prometheus/promhttp",
  ]
  pruneopts = "UT"
  revision = "170205fb58decfd011f1550d4cfb737230d7ae4f"
  version = "v1.1.0"

[[projects]]
  branch = "master"
  digest = "1:2d5cd61daa5565187e1d96bae64dbbc6080dacf741448e9629c64fd93203b0d4"
  name = "github.com/prometheus/client_model"
  packages = ["go"]
  pruneopts = "UT"
  revision = "14fe0d1b01d4d5fc031dd4bec1823bd3ebbe8016"

[[projects]]
  digest = "1:8dcedf2e8f06c7f94e48267dea0bc0be261fa97b377f3ae3e87843a92a549481"
  name = "github.com/prometheus/common"
  packages = [
    "expfmt",
    "internal/bitbucket.org/ww/goautoneg",
    "model",
  ]
  pruneopts = "UT"
  revision = "31bed53e4047fd6c510e43a941f90cb31be0972a"
  version = "v0.6.0"

[[projects]]
  digest = "1:366f5aa02ff6c1e2eccce9ca03a22a6d983da89eecff8a89965401764534eb7c"
  name = "github.com/prometheus/procfs"
  packages = [
    ".",
    "internal/fs",
  ]
  pruneopts = "UT"
  revision = "3f98efb27840a48a7a2898ec80be07674d19f9c8"
  version = "v0.0.3"

[[projects]]
  digest = "1:6cf4e9f5ea82d48699eed7a836781037621227fb8551d7571b82aabde422fec1"
  name = "github.com/rs/zerolog"
  packages = [
    ".",
    "internal/cbor",
    "internal/json",
    "log",
  ]
  pruneopts = "UT"
  revision = "b806a5ecbe5347ad9ef05121fea8f4acc65fa5fc"
  version = "v1.15.0"

[[projects]]
  digest = "1:3b0ac1ac6f703e6d43f4e29c97da2c9e34465c66e2e19f9828e9841d1c9279a4"
  name = "github.com/uber/jaeger-client-go"
  packages = [
    ".",
    "config",
    "internal/baggage",
    "internal/baggage/remote",
    "internal/spanlog",
    "internal/throttler",
    "internal/throttler/remote",
    "log",
    "rpcmetrics",
    "thrift",
    "thrift-gen/agent",
    "thrift-gen/baggage",
    "thrift-gen/jaeger",
    "thrift-gen/sampling",
    "thrift-gen/zipkincore",
    "transport",
    "utils",
  ]
  pruneopts = "UT"
  revision = "2f47546e3facd43297739439600bcf43f44cce5d"
  version = "v2.16.0"

[[projects]]
  digest = "1:c9d69a04f7fa171f50360bbcc32196b4de8ab8837ef772f6302d0140a1e3e7f6"
  name = "github.com/uber/jaeger-lib"
  packages = ["metrics"]
  pruneopts = "UT"
  revision = "0e30338a695636fe5bcf7301e8030ce8dd2a8530"
  version = "v2.0.0"

[[projects]]
  digest = "1:d688f4ad71b5dfad95c2d74cb0feac09f8f3c32ae5cecc078230dbdeece39e53"
  name = "github.com/urfave/negroni"
  packages = ["."]
  pruneopts = "UT"
  revision = "c6a59be0ce122566695fbd5e48a77f8f10c8a63a"
  version = "v1.0.0"

[[projects]]
  digest = "1:59f59375a697f0dc6d64f892c155143259f4a0b3d11c7f6815734c52f592a15d"
  name = "go.uber.org/automaxprocs"
  packages = [
    "internal/cgroups",
    "internal/runtime",
    "maxprocs",
  ]
  pruneopts = "UT"
  revision = "946a8391268aea0a60a86403988ff3ab4b604a83"
  version = "v1.2.0"

[[projects]]
  branch = "master"
  digest = "1:b521f10a2d8fa85c04a8ef4e62f2d1e14d303599a55d64dabf9f5a02f84d35eb"
  name = "golang.org/x/sync"
  packages = ["errgroup"]
  pruneopts = "UT"
  revision = "112230192c580c3556b8cee6403af37a4fc5f28c"

[[projects]]
  branch = "master"
  digest = "1:29fbe59f1e81b410505b4406f5bbc6f46c2c94d361992325db2d68dce51f1ca7"
  name = "golang.org/x/sys"
  packages = ["windows"]
  pruneopts = "UT"
  revision = "fde4db37ae7ad8191b03d30d27f258b5291ae4e3"

[[projects]]
  branch = "master"
  digest = "1:571608042e3e041e18f4cfd6744478fe7cf66afc0b3c9195d3f12b75ec1f85da"
  name = "stash.tutu.ru/golang/context_os"
  packages = ["."]
  pruneopts = "UT"
  revision = "a09076c21ee56d1905a6b7a3fde2282f1d7a4612"

[[projects]]
  branch = "master"
  digest = "1:a15a53f4bc38da42274907ee1f7c3fd70a1df3995d2e2865628271a18b36d0fa"
  name = "stash.tutu.ru/golang/envs"
  packages = ["."]
  pruneopts = "UT"
  revision = "3903dd149938d3f3c8f2d1df7e8efd0c7d359a43"

[[projects]]
  branch = "master"
  digest = "1:aeff3a92c20e2c81f9154eec937edc21e4addd839d7a9ac9a88109337bc6bc84"
  name = "stash.tutu.ru/golang/http-server"
  packages = [
    ".",
    "middleware",
  ]
  pruneopts = "UT"
  revision = "c09a6e363918eb406d8aa17546ac408deb65944c"

[[projects]]
  branch = "master"
  digest = "1:bbbe62cc42b97260821afb4e681786728efbb11220a50cec102c22ff331881fc"
  name = "stash.tutu.ru/golang/log"
  packages = ["."]
  pruneopts = "UT"
  revision = "53d4213dca544db9f0e3c2c380048c14781a4179"

[[projects]]
  branch = "master"
  digest = "1:3b0ab77b034dd0ca18d6772b1a7b32b29891bc57a2404a301c0c1cd1a6c6d253"
  name = "stash.tutu.ru/golang/opentracing"
  packages = ["."]
  pruneopts = "UT"
  revision = "72687b75de6017ac49a1757ac9592d52a2006da7"

[[projects]]
  branch = "master"
  digest = "1:c7196c7869d46a50b3c008e46c16702dc44758a1707070f28e2ecfcd47dfb132"
  name = "stash.tutu.ru/golang/readiness"
  packages = ["."]
  pruneopts = "UT"
  revision = "a29f0830873e33a32346d0042862e07d9a0519c6"

[[projects]]
  branch = "master"
  digest = "1:3951d55ed3b14cf5888c14bb45d59e898ebbd38bf3be644474e083c30dae42a6"
  name = "stash.tutu.ru/golang/resources"
  packages = ["sentry"]
  pruneopts = "UT"
  revision = "a399cf9c9c4371387547ca9609fae90e207e7400"

[solve-meta]
  analyzer-name = "dep"
  analyzer-version = 1
  input-imports = [
    "github.com/coreos/etcd/client",
    "github.com/kelseyhightower/envconfig",
    "github.com/mattn/go-sqlite3",
    "github.com/pkg/errors",
    "github.com/prometheus/client_golang/prometheus",
    "go.uber.org/automaxprocs/maxprocs",
    "golang.org/x/sync/errgroup",
    "stash.tutu.ru/golang/context_os",
    "stash.tutu.ru/golang/envs",
    "stash.tutu.ru/golang/http-server",
    "stash.tutu.ru/golang/log",
    "stash.tutu.ru/golang/opentracing",
    "stash.tutu.ru/golang/readiness",
  ]
  solver-name = "gps-cdcl"
  solver-version = 1
